
Microsoft Visual Studio Solution File, Format Version 12.00
# Visual Studio Version 16
VisualStudioVersion = 16.0.30204.135
MinimumVisualStudioVersion = 10.0.40219.1
Project("{FAE04EC0-301F-11D3-BF4B-00C04F79EFBC}") = "BIT_DESKTOP", "BIT_DESKTOP\BIT_DESKTOP.csproj", "{F3172E8E-D999-4A8C-95F2-43ABB1FC070A}"
EndProject
Project("{FAE04EC0-301F-11D3-BF4B-00C04F79EFBC}") = "BIT_LOGIN", "BIT_LOGIN\BIT_LOGIN.csproj", "{B77CB4BC-A379-41E0-9E43-8A8AD4A7BC8B}"
EndProject
Project("{FAE04EC0-301F-11D3-BF4B-00C04F79EFBC}") = "BIT_CRIPTOGRAFIA", "BIT_CRIPTOGRAFIA\BIT_CRIPTOGRAFIA.csproj", "{7DB7AE5D-2D13-41F8-882D-BB14CAB6DFB3}"
EndProject
Project("{FAE04EC0-301F-11D3-BF4B-00C04F79EFBC}") = "BIT_ACESSABANCO", "BIT_ACESSABANCO\BIT_ACESSABANCO.csproj", "{78C6380A-BB16-4A4F-AF11-8F631D1FD10E}"
EndProject
Project("{FAE04EC0-301F-11D3-BF4B-00C04F79EFBC}") = "BIT_BLL", "BLL\BIT_BLL.csproj", "{82C25E18-5A9E-419A-86D1-B9CF6314A743}"
EndProject
Project("{FAE04EC0-301F-11D3-BF4B-00C04F79EFBC}") = "BIT_ENUMS", "BIT_ENUMS\BIT_ENUMS.csproj", "{7F1357DD-0B21-4DAC-91B3-1ED1F2A53E8A}"
EndProject
Project("{FAE04EC0-301F-11D3-BF4B-00C04F79EFBC}") = "BIT_MODEL", "BIT_MODEL\BIT_MODEL.csproj", "{63E39BA0-D8B2-43F3-BD41-446A2B3CB6AF}"
EndProject
Project("{FAE04EC0-301F-11D3-BF4B-00C04F79EFBC}") = "BIT_DAL", "BIT_DAL\BIT_DAL.csproj", "{E51520C7-29D6-491D-AFE8-AE3135F871BC}"
EndProject
Project("{FAE04EC0-301F-11D3-BF4B-00C04F79EFBC}") = "BIT_EXCEPTION", "BIT_EXCEPTION\BIT_EXCEPTION.csproj", "{86E1268D-D1BB-4F6D-840A-7002E40D6157}"
EndProject
Project("{2150E333-8FDC-42A3-9474-1A3956D46DE8}") = "SCRIPTBANCO", "SCRIPTBANCO", "{F608FC29-DB5B-4ED3-97FB-D06241B24265}"
	ProjectSection(SolutionItems) = preProject
		..\..\..\Documents\UNIP\4 SEMESTRE\PIM\SCRIPT_BANCO.sql = ..\..\..\Documents\UNIP\4 SEMESTRE\PIM\SCRIPT_BANCO.sql
	EndProjectSection
EndProject
Project("{FAE04EC0-301F-11D3-BF4B-00C04F79EFBC}") = "BIT_WEB", "BIT_WEB\BIT_WEB.csproj", "{BCDC733E-847C-4211-A4B7-AD8DA0340D31}"
EndProject
Project("{FAE04EC0-301F-11D3-BF4B-00C04F79EFBC}") = "BIT_BACKUP", "BIT_BACKUP\BIT_BACKUP.csproj", "{872ABA7D-4E90-44F8-95B1-049CDE781E65}"
EndProject
Project("{FAE04EC0-301F-11D3-BF4B-00C04F79EFBC}") = "BIT_BACKUP_SERVER", "BIT_BACKUP_SERVER\BIT_BACKUP_SERVER.csproj", "{DF5AD16F-4598-4EFD-B543-2597852DF4DB}"
EndProject
Global
	GlobalSection(SolutionConfigurationPlatforms) = preSolution
		Debug|Any CPU = Debug|Any CPU
		Release|Any CPU = Release|Any CPU
	EndGlobalSection
	GlobalSection(ProjectConfigurationPlatforms) = postSolution
		{F3172E8E-D999-4A8C-95F2-43ABB1FC070A}.Debug|Any CPU.ActiveCfg = Debug|Any CPU
		{F3172E8E-D999-4A8C-95F2-43ABB1FC070A}.Debug|Any CPU.Build.0 = Debug|Any CPU
		{F3172E8E-D999-4A8C-95F2-43ABB1FC070A}.Release|Any CPU.ActiveCfg = Release|Any CPU
		{F3172E8E-D999-4A8C-95F2-43ABB1FC070A}.Release|Any CPU.Build.0 = Release|Any CPU
		{B77CB4BC-A379-41E0-9E43-8A8AD4A7BC8B}.Debug|Any CPU.ActiveCfg = Debug|Any CPU
		{B77CB4BC-A379-41E0-9E43-8A8AD4A7BC8B}.Debug|Any CPU.Build.0 = Debug|Any CPU
		{B77CB4BC-A379-41E0-9E43-8A8AD4A7BC8B}.Release|Any CPU.ActiveCfg = Release|Any CPU
		{B77CB4BC-A379-41E0-9E43-8A8AD4A7BC8B}.Release|Any CPU.Build.0 = Release|Any CPU
		{7DB7AE5D-2D13-41F8-882D-BB14CAB6DFB3}.Debug|Any CPU.ActiveCfg = Debug|Any CPU
		{7DB7AE5D-2D13-41F8-882D-BB14CAB6DFB3}.Debug|Any CPU.Build.0 = Debug|Any CPU
		{7DB7AE5D-2D13-41F8-882D-BB14CAB6DFB3}.Release|Any CPU.ActiveCfg = Release|Any CPU
		{7DB7AE5D-2D13-41F8-882D-BB14CAB6DFB3}.Release|Any CPU.Build.0 = Release|Any CPU
		{78C6380A-BB16-4A4F-AF11-8F631D1FD10E}.Debug|Any CPU.ActiveCfg = Debug|Any CPU
		{78C6380A-BB16-4A4F-AF11-8F631D1FD10E}.Debug|Any CPU.Build.0 = Debug|Any CPU
		{78C6380A-BB16-4A4F-AF11-8F631D1FD10E}.Release|Any CPU.ActiveCfg = Release|Any CPU
		{78C6380A-BB16-4A4F-AF11-8F631D1FD10E}.Release|Any CPU.Build.0 = Release|Any CPU
		{82C25E18-5A9E-419A-86D1-B9CF6314A743}.Debug|Any CPU.ActiveCfg = Debug|Any CPU
		{82C25E18-5A9E-419A-86D1-B9CF6314A743}.Debug|Any CPU.Build.0 = Debug|Any CPU
		{82C25E18-5A9E-419A-86D1-B9CF6314A743}.Release|Any CPU.ActiveCfg = Release|Any CPU
		{82C25E18-5A9E-419A-86D1-B9CF6314A743}.Release|Any CPU.Build.0 = Release|Any CPU
		{7F1357DD-0B21-4DAC-91B3-1ED1F2A53E8A}.Debug|Any CPU.ActiveCfg = Debug|Any CPU
		{7F1357DD-0B21-4DAC-91B3-1ED1F2A53E8A}.Debug|Any CPU.Build.0 = Debug|Any CPU
		{7F1357DD-0B21-4DAC-91B3-1ED1F2A53E8A}.Release|Any CPU.ActiveCfg = Release|Any CPU
		{7F1357DD-0B21-4DAC-91B3-1ED1F2A53E8A}.Release|Any CPU.Build.0 = Release|Any CPU
		{63E39BA0-D8B2-43F3-BD41-446A2B3CB6AF}.Debug|Any CPU.ActiveCfg = Debug|Any CPU
		{63E39BA0-D8B2-43F3-BD41-446A2B3CB6AF}.Debug|Any CPU.Build.0 = Debug|Any CPU
		{63E39BA0-D8B2-43F3-BD41-446A2B3CB6AF}.Release|Any CPU.ActiveCfg = Release|Any CPU
		{63E39BA0-D8B2-43F3-BD41-446A2B3CB6AF}.Release|Any CPU.Build.0 = Release|Any CPU
		{E51520C7-29D6-491D-AFE8-AE3135F871BC}.Debug|Any CPU.ActiveCfg = Debug|Any CPU
		{E51520C7-29D6-491D-AFE8-AE3135F871BC}.Debug|Any CPU.Build.0 = Debug|Any CPU
		{E51520C7-29D6-491D-AFE8-AE3135F871BC}.Release|Any CPU.ActiveCfg = Release|Any CPU
		{E51520C7-29D6-491D-AFE8-AE3135F871BC}.Release|Any CPU.Build.0 = Release|Any CPU
		{86E1268D-D1BB-4F6D-840A-7002E40D6157}.Debug|Any CPU.ActiveCfg = Debug|Any CPU
		{86E1268D-D1BB-4F6D-840A-7002E40D6157}.Debug|Any CPU.Build.0 = Debug|Any CPU
		{86E1268D-D1BB-4F6D-840A-7002E40D6157}.Release|Any CPU.ActiveCfg = Release|Any CPU
		{86E1268D-D1BB-4F6D-840A-7002E40D6157}.Release|Any CPU.Build.0 = Release|Any CPU
		{BCDC733E-847C-4211-A4B7-AD8DA0340D31}.Debug|Any CPU.ActiveCfg = Debug|Any CPU
		{BCDC733E-847C-4211-A4B7-AD8DA0340D31}.Debug|Any CPU.Build.0 = Debug|Any CPU
		{BCDC733E-847C-4211-A4B7-AD8DA0340D31}.Release|Any CPU.ActiveCfg = Release|Any CPU
		{BCDC733E-847C-4211-A4B7-AD8DA0340D31}.Release|Any CPU.Build.0 = Release|Any CPU
		{872ABA7D-4E90-44F8-95B1-049CDE781E65}.Debug|Any CPU.ActiveCfg = Debug|Any CPU
		{872ABA7D-4E90-44F8-95B1-049CDE781E65}.Debug|Any CPU.Build.0 = Debug|Any CPU
		{872ABA7D-4E90-44F8-95B1-049CDE781E65}.Release|Any CPU.ActiveCfg = Release|Any CPU
		{872ABA7D-4E90-44F8-95B1-049CDE781E65}.Release|Any CPU.Build.0 = Release|Any CPU
		{DF5AD16F-4598-4EFD-B543-2597852DF4DB}.Debug|Any CPU.ActiveCfg = Debug|Any CPU
		{DF5AD16F-4598-4EFD-B543-2597852DF4DB}.Debug|Any CPU.Build.0 = Debug|Any CPU
		{DF5AD16F-4598-4EFD-B543-2597852DF4DB}.Release|Any CPU.ActiveCfg = Release|Any CPU
		{DF5AD16F-4598-4EFD-B543-2597852DF4DB}.Release|Any CPU.Build.0 = Release|Any CPU
	EndGlobalSection
	GlobalSection(SolutionProperties) = preSolution
		HideSolutionNode = FALSE
	EndGlobalSection
	GlobalSection(ExtensibilityGlobals) = postSolution
		SolutionGuid = {7D6D691A-11C1-4C41-980C-B141284821DF}
	EndGlobalSection
EndGlobal
